{
  "version": 4,
  "terraform_version": "0.12.23",
  "serial": 129,
  "lineage": "d03999f8-53a4-4f61-7091-b5e7ed1cf381",
  "outputs": {},
  "resources": [
    {
      "mode": "data",
      "type": "template_file",
      "name": "aws_cf_sns_stack",
      "provider": "provider.template",
      "instances": [
        {
          "schema_version": 0,
          "attributes": {
            "filename": null,
            "id": "6e42e59077511cbf5744467956282e35a589f1813d6ae6157724c413d20b0b78",
            "rendered": "{\n \"AWSTemplateFormatVersion\": \"2010-09-09\",\n  \"Resources\": {\n    \"SNSTopic\": {\n      \"Type\": \"AWS::SNS::Topic\",\n      \"Properties\": {\n        \"TopicName\": \"sns-topic-dev\",\n        \"DisplayName\": \"Mytopicu\",\n        \"Subscription\": [\n          {\"Endpoint\": \"valteircardoso@yahoo.com.br\",\"Protocol\": \"email\"}\n        ]\n      }\n    }\n  }\n}",
            "template": "{\n \"AWSTemplateFormatVersion\": \"2010-09-09\",\n  \"Resources\": {\n    \"SNSTopic\": {\n      \"Type\": \"AWS::SNS::Topic\",\n      \"Properties\": {\n        \"TopicName\": \"${sns_topic_name}\",\n        \"DisplayName\": \"${sns_display_name}\",\n        \"Subscription\": [\n          ${sns_subscription_list}\n        ]\n      }\n    }\n  }\n}",
            "vars": {
              "sns_display_name": "Mytopicu",
              "sns_subscription_list": "{\"Endpoint\": \"valteircardoso@yahoo.com.br\",\"Protocol\": \"email\"}",
              "sns_topic_name": "sns-topic-dev"
            }
          }
        }
      ]
    },
    {
      "mode": "managed",
      "type": "aws_cloudformation_stack",
      "name": "tf_sns_topic",
      "provider": "provider.aws",
      "instances": [
        {
          "schema_version": 0,
          "attributes": {
            "capabilities": null,
            "disable_rollback": false,
            "iam_role_arn": "",
            "id": "arn:aws:cloudformation:us-east-1:559972492049:stack/snsStack/c7cfb980-3ffc-11eb-843a-0a675f4c6539",
            "name": "snsStack",
            "notification_arns": null,
            "on_failure": null,
            "outputs": {},
            "parameters": {},
            "policy_body": null,
            "policy_url": null,
            "tags": {
              "name": "snsStack"
            },
            "template_body": "{\"AWSTemplateFormatVersion\":\"2010-09-09\",\"Resources\":{\"SNSTopic\":{\"Properties\":{\"DisplayName\":\"Mytopicu\",\"Subscription\":[{\"Endpoint\":\"valteircardoso@yahoo.com.br\",\"Protocol\":\"email\"}],\"TopicName\":\"sns-topic-dev\"},\"Type\":\"AWS::SNS::Topic\"}}}",
            "template_url": null,
            "timeout_in_minutes": null,
            "timeouts": null
          },
          "private": "eyJlMmJmYjczMC1lY2FhLTExZTYtOGY4OC0zNDM2M2JjN2M0YzAiOnsiY3JlYXRlIjoxODAwMDAwMDAwMDAwLCJkZWxldGUiOjE4MDAwMDAwMDAwMDAsInVwZGF0ZSI6MTgwMDAwMDAwMDAwMH19"
        }
      ]
    },
    {
      "mode": "managed",
      "type": "aws_s3_bucket",
      "name": "vr",
      "provider": "provider.aws",
      "instances": [
        {
          "schema_version": 0,
          "attributes": {
            "acceleration_status": "",
            "acl": "private",
            "arn": "arn:aws:s3:::trab-valteir-rafael-dev",
            "bucket": "trab-valteir-rafael-dev",
            "bucket_domain_name": "trab-valteir-rafael-dev.s3.amazonaws.com",
            "bucket_prefix": null,
            "bucket_regional_domain_name": "trab-valteir-rafael-dev.s3.amazonaws.com",
            "cors_rule": [],
            "force_destroy": false,
            "grant": [],
            "hosted_zone_id": "Z3AQBSTGFYJSTF",
            "id": "trab-valteir-rafael-dev",
            "lifecycle_rule": [],
            "logging": [],
            "object_lock_configuration": [],
            "policy": null,
            "region": "us-east-1",
            "replication_configuration": [],
            "request_payer": "BucketOwner",
            "server_side_encryption_configuration": [],
            "tags": {
              "Environment": "admin",
              "Name": "trab-valteir-rafael-dev"
            },
            "versioning": [
              {
                "enabled": false,
                "mfa_delete": false
              }
            ],
            "website": [],
            "website_domain": null,
            "website_endpoint": null
          },
          "private": "bnVsbA=="
        }
      ]
    },
    {
      "mode": "managed",
      "type": "aws_sqs_queue",
      "name": "my_dead_letter_queue",
      "provider": "provider.aws",
      "instances": [
        {
          "schema_version": 0,
          "attributes": {
            "arn": "arn:aws:sqs:us-east-1:559972492049:my_dead_letter_queue-dev",
            "content_based_deduplication": false,
            "delay_seconds": 0,
            "fifo_queue": false,
            "id": "https://sqs.us-east-1.amazonaws.com/559972492049/my_dead_letter_queue-dev",
            "kms_data_key_reuse_period_seconds": 300,
            "kms_master_key_id": "",
            "max_message_size": 262144,
            "message_retention_seconds": 345600,
            "name": "my_dead_letter_queue-dev",
            "name_prefix": null,
            "policy": "",
            "receive_wait_time_seconds": 0,
            "redrive_policy": "",
            "tags": null,
            "visibility_timeout_seconds": 30
          },
          "private": "bnVsbA=="
        }
      ]
    },
    {
      "mode": "managed",
      "type": "aws_sqs_queue",
      "name": "terraform_queue_principal",
      "provider": "provider.aws",
      "instances": [
        {
          "schema_version": 0,
          "attributes": {
            "arn": "arn:aws:sqs:us-east-1:559972492049:terraform-fila-principal-dev",
            "content_based_deduplication": false,
            "delay_seconds": 90,
            "fifo_queue": false,
            "id": "https://sqs.us-east-1.amazonaws.com/559972492049/terraform-fila-principal-dev",
            "kms_data_key_reuse_period_seconds": 300,
            "kms_master_key_id": "",
            "max_message_size": 2048,
            "message_retention_seconds": 86400,
            "name": "terraform-fila-principal-dev",
            "name_prefix": null,
            "policy": "",
            "receive_wait_time_seconds": 10,
            "redrive_policy": "{\"deadLetterTargetArn\":\"arn:aws:sqs:us-east-1:559972492049:my_dead_letter_queue-dev\",\"maxReceiveCount\":1}",
            "tags": null,
            "visibility_timeout_seconds": 30
          },
          "private": "bnVsbA==",
          "dependencies": [
            "aws_sqs_queue.my_dead_letter_queue"
          ]
        }
      ]
    },
    {
      "mode": "managed",
      "type": "aws_sqs_queue",
      "name": "terraform_queue_secundario",
      "provider": "provider.aws",
      "instances": [
        {
          "schema_version": 0,
          "attributes": {
            "arn": "arn:aws:sqs:us-east-1:559972492049:terraform-fila-secundaria-dev",
            "content_based_deduplication": false,
            "delay_seconds": 90,
            "fifo_queue": false,
            "id": "https://sqs.us-east-1.amazonaws.com/559972492049/terraform-fila-secundaria-dev",
            "kms_data_key_reuse_period_seconds": 300,
            "kms_master_key_id": "",
            "max_message_size": 2048,
            "message_retention_seconds": 86400,
            "name": "terraform-fila-secundaria-dev",
            "name_prefix": null,
            "policy": "",
            "receive_wait_time_seconds": 10,
            "redrive_policy": "",
            "tags": null,
            "visibility_timeout_seconds": 30
          },
          "private": "bnVsbA=="
        }
      ]
    }
  ]
}
